
Microsoft Visual Studio Solution File, Format Version 12.00
# Visual Studio Version 16
VisualStudioVersion = 16.0.30330.147
MinimumVisualStudioVersion = 10.0.40219.1
Project("{FAE04EC0-301F-11D3-BF4B-00C04F79EFBC}") = "Client", "Client\Client.csproj", "{E6621D20-D7C3-4AE3-A0D3-E0593962FB69}"
EndProject
Project("{FAE04EC0-301F-11D3-BF4B-00C04F79EFBC}") = "Server", "Server\Server.csproj", "{34CA3DC2-8EFB-4D26-A9B3-E568DD251792}"
EndProject
Global
	GlobalSection(SolutionConfigurationPlatforms) = preSolution
		Debug|Any CPU = Debug|Any CPU
		Release|Any CPU = Release|Any CPU
	EndGlobalSection
	GlobalSection(ProjectConfigurationPlatforms) = postSolution
		{E6621D20-D7C3-4AE3-A0D3-E0593962FB69}.Debug|Any CPU.ActiveCfg = Debug|Any CPU
		{E6621D20-D7C3-4AE3-A0D3-E0593962FB69}.Debug|Any CPU.Build.0 = Debug|Any CPU
		{E6621D20-D7C3-4AE3-A0D3-E0593962FB69}.Release|Any CPU.ActiveCfg = Release|Any CPU
		{E6621D20-D7C3-4AE3-A0D3-E0593962FB69}.Release|Any CPU.Build.0 = Release|Any CPU
		{34CA3DC2-8EFB-4D26-A9B3-E568DD251792}.Debug|Any CPU.ActiveCfg = Debug|Any CPU
		{34CA3DC2-8EFB-4D26-A9B3-E568DD251792}.Debug|Any CPU.Build.0 = Debug|Any CPU
		{34CA3DC2-8EFB-4D26-A9B3-E568DD251792}.Release|Any CPU.ActiveCfg = Release|Any CPU
		{34CA3DC2-8EFB-4D26-A9B3-E568DD251792}.Release|Any CPU.Build.0 = Release|Any CPU
	EndGlobalSection
	GlobalSection(SolutionProperties) = preSolution
		HideSolutionNode = FALSE
	EndGlobalSection
	GlobalSection(ExtensibilityGlobals) = postSolution
		SolutionGuid = {D510BCB4-86BF-4CB3-AD4C-6EDEE5C46AD5}
	EndGlobalSection
EndGlobal
